Microsoft Visual Studio Solution File, Format Version 12.00
# Visual Studio 2012
Project("{FAE04EC0-301F-11D3-BF4B-00C04F79EFBC}") = "Zombie World", "Zombie World.csproj", "{EBB0C8CD-C74F-4134-A633-53494D8C02B6}"
EndProject
Global
	GlobalSection(SolutionConfigurationPlatforms) = preSolution
	Debug|Any CPU = Debug|Any CPU
	ExportDebug|Any CPU = ExportDebug|Any CPU
	ExportRelease|Any CPU = ExportRelease|Any CPU
	EndGlobalSection
	GlobalSection(ProjectConfigurationPlatforms) = postSolution
		{EBB0C8CD-C74F-4134-A633-53494D8C02B6}.Debug|Any CPU.ActiveCfg = Debug|Any CPU
		{EBB0C8CD-C74F-4134-A633-53494D8C02B6}.Debug|Any CPU.Build.0 = Debug|Any CPU
		{EBB0C8CD-C74F-4134-A633-53494D8C02B6}.ExportDebug|Any CPU.ActiveCfg = ExportDebug|Any CPU
		{EBB0C8CD-C74F-4134-A633-53494D8C02B6}.ExportDebug|Any CPU.Build.0 = ExportDebug|Any CPU
		{EBB0C8CD-C74F-4134-A633-53494D8C02B6}.ExportRelease|Any CPU.ActiveCfg = ExportRelease|Any CPU
		{EBB0C8CD-C74F-4134-A633-53494D8C02B6}.ExportRelease|Any CPU.Build.0 = ExportRelease|Any CPU
	EndGlobalSection
EndGlobal
